
Microsoft Visual Studio Solution File, Format Version 12.00
# Visual Studio 15
VisualStudioVersion = 15.0.27703.2047
MinimumVisualStudioVersion = 10.0.40219.1
Project("{FAE04EC0-301F-11D3-BF4B-00C04F79EFBC}") = "SpainKBOBLink", "SpainKBOBLink\SpainKBOBLink.csproj", "{838C9A2A-F6B2-4AAA-84FD-C2AA6C5C5985}"
EndProject
Global
	GlobalSection(SolutionConfigurationPlatforms) = preSolution
		Debug|Any CPU = Debug|Any CPU
		Release|Any CPU = Release|Any CPU
	EndGlobalSection
	GlobalSection(ProjectConfigurationPlatforms) = postSolution
		{838C9A2A-F6B2-4AAA-84FD-C2AA6C5C5985}.Debug|Any CPU.ActiveCfg = Debug|Any CPU
		{838C9A2A-F6B2-4AAA-84FD-C2AA6C5C5985}.Debug|Any CPU.Build.0 = Debug|Any CPU
		{838C9A2A-F6B2-4AAA-84FD-C2AA6C5C5985}.Release|Any CPU.ActiveCfg = Release|Any CPU
		{838C9A2A-F6B2-4AAA-84FD-C2AA6C5C5985}.Release|Any CPU.Build.0 = Release|Any CPU
	EndGlobalSection
	GlobalSection(SolutionProperties) = preSolution
		HideSolutionNode = FALSE
	EndGlobalSection
	GlobalSection(ExtensibilityGlobals) = postSolution
		SolutionGuid = {A0204F52-DD14-4F70-9C93-84445DD983B0}
	EndGlobalSection
EndGlobal
